
Microsoft Visual Studio Solution File, Format Version 12.00
# Visual Studio 2013
VisualStudioVersion = 12.0.21005.1
MinimumVisualStudioVersion = 10.0.40219.1
Project("{FAE04EC0-301F-11D3-BF4B-00C04F79EFBC}") = "StackoverflowOfflineDotNet", "StackoverflowOfflineDotNet\StackoverflowOfflineDotNet.csproj", "{F087312F-BCF2-42FC-96B5-3EE5F5E2731E}"
EndProject
Project("{FAE04EC0-301F-11D3-BF4B-00C04F79EFBC}") = "Importer", "Importer\Importer.csproj", "{73F2D7A6-89D0-4FB9-BD93-7DA2898C9B33}"
EndProject
Global
	GlobalSection(SolutionConfigurationPlatforms) = preSolution
		Debug|Any CPU = Debug|Any CPU
		Release|Any CPU = Release|Any CPU
	EndGlobalSection
	GlobalSection(ProjectConfigurationPlatforms) = postSolution
		{F087312F-BCF2-42FC-96B5-3EE5F5E2731E}.Debug|Any CPU.ActiveCfg = Debug|Any CPU
		{F087312F-BCF2-42FC-96B5-3EE5F5E2731E}.Debug|Any CPU.Build.0 = Debug|Any CPU
		{F087312F-BCF2-42FC-96B5-3EE5F5E2731E}.Release|Any CPU.ActiveCfg = Release|Any CPU
		{F087312F-BCF2-42FC-96B5-3EE5F5E2731E}.Release|Any CPU.Build.0 = Release|Any CPU
		{73F2D7A6-89D0-4FB9-BD93-7DA2898C9B33}.Debug|Any CPU.ActiveCfg = Debug|Any CPU
		{73F2D7A6-89D0-4FB9-BD93-7DA2898C9B33}.Debug|Any CPU.Build.0 = Debug|Any CPU
		{73F2D7A6-89D0-4FB9-BD93-7DA2898C9B33}.Release|Any CPU.ActiveCfg = Release|Any CPU
		{73F2D7A6-89D0-4FB9-BD93-7DA2898C9B33}.Release|Any CPU.Build.0 = Release|Any CPU
	EndGlobalSection
	GlobalSection(SolutionProperties) = preSolution
		HideSolutionNode = FALSE
	EndGlobalSection
EndGlobal
